// !$*UTF8*$!
{
	archiveVersion = 1;
	classes = {
	};
	objectVersion = 46;
	objects = {

/* Begin PBXBuildFile section */
		16533DB61DEC7A6F00C81A00 /* main.m in Sources */ = {isa = PBXBuildFile; fileRef = 16533DB51DEC7A6F00C81A00 /* main.m */; };
		16533DB91DEC7A6F00C81A00 /* AppDelegate.m in Sources */ = {isa = PBXBuildFile; fileRef = 16533DB81DEC7A6F00C81A00 /* AppDelegate.m */; };
		16533DBC1DEC7A6F00C81A00 /* ViewController.m in Sources */ = {isa = PBXBuildFile; fileRef = 16533DBB1DEC7A6F00C81A00 /* ViewController.m */; };
		16533DBF1DEC7A6F00C81A00 /* Main.storyboard in Resources */ = {isa = PBXBuildFile; fileRef = 16533DBD1DEC7A6F00C81A00 /* Main.storyboard */; };
		16533DC11DEC7A6F00C81A00 /* Assets.xcassets in Resources */ = {isa = PBXBuildFile; fileRef = 16533DC01DEC7A6F00C81A00 /* Assets.xcassets */; };
		16533DC41DEC7A6F00C81A00 /* LaunchScreen.storyboard in Resources */ = {isa = PBXBuildFile; fileRef = 16533DC21DEC7A6F00C81A00 /* LaunchScreen.storyboard */; };
		16533DD01DEC7B5000C81A00 /* CLAnimationView.m in Sources */ = {isa = PBXBuildFile; fileRef = 16533DCD1DEC7B5000C81A00 /* CLAnimationView.m */; };
		16533DD11DEC7B5000C81A00 /* CLView.m in Sources */ = {isa = PBXBuildFile; fileRef = 16533DCF1DEC7B5000C81A00 /* CLView.m */; };
/* End PBXBuildFile section */

/* Begin PBXFileReference section */
		16533DB11DEC7A6F00C81A00 /* PopShareView.app */ = {isa = PBXFileReference; explicitFileType = wrapper.application; includeInIndex = 0; path = PopShareView.app; sourceTree = BUILT_PRODUCTS_DIR; };
		16533DB51DEC7A6F00C81A00 /* main.m */ = {isa = PBXFileReference; lastKnownFileType = sourcecode.c.objc; path = main.m; sourceTree = "<group>"; };
		16533DB71DEC7A6F00C81A00 /* AppDelegate.h */ = {isa = PBXFileReference; lastKnownFileType = sourcecode.c.h; path = AppDelegate.h; sourceTree = "<group>"; };
		16533DB81DEC7A6F00C81A00 /* AppDelegate.m */ = {isa = PBXFileReference; lastKnownFileType = sourcecode.c.objc; path = AppDelegate.m; sourceTree = "<group>"; };
		16533DBA1DEC7A6F00C81A00 /* ViewController.h */ = {isa = PBXFileReference; lastKnownFileType = sourcecode.c.h; path = ViewController.h; sourceTree = "<group>"; };
		16533DBB1DEC7A6F00C81A00 /* ViewController.m */ = {isa = PBXFileReference; lastKnownFileType = sourcecode.c.objc; path = ViewController.m; sourceTree = "<group>"; };
		16533DBE1DEC7A6F00C81A00 /* Base */ = {isa = PBXFileReference; lastKnownFileType = file.storyboard; name = Base; path = Base.lproj/Main.storyboard; sourceTree = "<group>"; };
		16533DC01DEC7A6F00C81A00 /* Assets.xcassets */ = {isa = PBXFileReference; lastKnownFileType = folder.assetcatalog; path = Assets.xcassets; sourceTree = "<group>"; };
		16533DC31DEC7A6F00C81A00 /* Base */ = {isa = PBXFileReference; lastKnownFileType = file.storyboard; name = Base; path = Base.lproj/LaunchScreen.storyboard; sourceTree = "<group>"; };
		16533DC51DEC7A6F00C81A00 /* Info.plist */ = {isa = PBXFileReference; lastKnownFileType = text.plist.xml; path = Info.plist; sourceTree = "<group>"; };
		16533DCC1DEC7B5000C81A00 /* CLAnimationView.h */ = {isa = PBXFileReference; fileEncoding = 4; lastKnownFileType = sourcecode.c.h; path = CLAnimationView.h; sourceTree = "<group>"; };
		16533DCD1DEC7B5000C81A00 /* CLAnimationView.m */ = {isa = PBXFileReference; fileEncoding = 4; lastKnownFileType = sourcecode.c.objc; path = CLAnimationView.m; sourceTree = "<group>"; };
		16533DCE1DEC7B5000C81A00 /* CLView.h */ = {isa = PBXFileReference; fileEncoding = 4; lastKnownFileType = sourcecode.c.h; path = CLView.h; sourceTree = "<group>"; };
		16533DCF1DEC7B5000C81A00 /* CLView.m */ = {isa = PBXFileReference; fileEncoding = 4; lastKnownFileType = sourcecode.c.objc; path = CLView.m; sourceTree = "<group>"; };
/* End PBXFileReference section */

/* Begin PBXFrameworksBuildPhase section */
		16533DAE1DEC7A6F00C81A00 /* Frameworks */ = {
			isa = PBXFrameworksBuildPhase;
			buildActionMask = 2147483647;
			files = (
			);
			runOnlyForDeploymentPostprocessing = 0;
		};
/* End PBXFrameworksBuildPhase section */

/* Begin PBXGroup section */
		16533DA81DEC7A6F00C81A00 = {
			isa = PBXGroup;
			children = (
				16533DB31DEC7A6F00C81A00 /* PopShareView */,
				16533DB21DEC7A6F00C81A00 /* Products */,
			);
			sourceTree = "<group>";
		};
		16533DB21DEC7A6F00C81A00 /* Products */ = {
			isa = PBXGroup;
			children = (
				16533DB11DEC7A6F00C81A00 /* PopShareView.app */,
			);
			name = Products;
			sourceTree = "<group>";
		};
		16533DB31DEC7A6F00C81A00 /* PopShareView */ = {
			isa = PBXGroup;
			children = (
				16533DCB1DEC7B4300C81A00 /* CLActionView */,
				16533DB71DEC7A6F00C81A00 /* AppDelegate.h */,
				16533DB81DEC7A6F00C81A00 /* AppDelegate.m */,
				16533DBA1DEC7A6F00C81A00 /* ViewController.h */,
				16533DBB1DEC7A6F00C81A00 /* ViewController.m */,
				16533DBD1DEC7A6F00C81A00 /* Main.storyboard */,
				16533DC01DEC7A6F00C81A00 /* Assets.xcassets */,
				16533DC21DEC7A6F00C81A00 /* LaunchScreen.storyboard */,
				16533DC51DEC7A6F00C81A00 /* Info.plist */,
				16533DB41DEC7A6F00C81A00 /* Supporting Files */,
			);
			path = PopShareView;
			sourceTree = "<group>";
		};
		16533DB41DEC7A6F00C81A00 /* Supporting Files */ = {
			isa = PBXGroup;
			children = (
				16533DB51DEC7A6F00C81A00 /* main.m */,
			);
			name = "Supporting Files";
			sourceTree = "<group>";
		};
		16533DCB1DEC7B4300C81A00 /* CLActionView */ = {
			isa = PBXGroup;
			children = (
				16533DCC1DEC7B5000C81A00 /* CLAnimationView.h */,
				16533DCD1DEC7B5000C81A00 /* CLAnimationView.m */,
				16533DCE1DEC7B5000C81A00 /* CLView.h */,
				16533DCF1DEC7B5000C81A00 /* CLView.m */,
			);
			name = CLActionView;
			sourceTree = "<group>";
		};
/* End PBXGroup section */

/* Begin PBXNativeTarget section */
		16533DB01DEC7A6F00C81A00 /* PopShareView */ = {
			isa = PBXNativeTarget;
			buildConfigurationList = 16533DC81DEC7A6F00C81A00 /* Build configuration list for PBXNativeTarget "PopShareView" */;
			buildPhases = (
				16533DAD1DEC7A6F00C81A00 /* Sources */,
				16533DAE1DEC7A6F00C81A00 /* Frameworks */,
				16533DAF1DEC7A6F00C81A00 /* Resources */,
			);
			buildRules = (
			);
			dependencies = (
			);
			name = PopShareView;
			productName = PopShareView;
			productReference = 16533DB11DEC7A6F00C81A00 /* PopShareView.app */;
			productType = "com.apple.product-type.application";
		};
/* End PBXNativeTarget section */

/* Begin PBXProject section */
		16533DA91DEC7A6F00C81A00 /* Project object */ = {
			isa = PBXProject;
			attributes = {
				LastUpgradeCheck = 0810;
				ORGANIZATIONNAME = "hpking　";
				TargetAttributes = {
					16533DB01DEC7A6F00C81A00 = {
						CreatedOnToolsVersion = 8.1;
						DevelopmentTeam = 8WEA55D565;
						ProvisioningStyle = Automatic;
					};
				};
			};
			buildConfigurationList = 16533DAC1DEC7A6F00C81A00 /* Build configuration list for PBXProject "PopShareView" */;
			compatibilityVersion = "Xcode 3.2";
			developmentRegion = English;
			hasScannedForEncodings = 0;
			knownRegions = (
				en,
				Base,
			);
			mainGroup = 16533DA81DEC7A6F00C81A00;
			productRefGroup = 16533DB21DEC7A6F00C81A00 /* Products */;
			projectDirPath = "";
			projectRoot = "";
			targets = (
				16533DB01DEC7A6F00C81A00 /* PopShareView */,
			);
		};
/* End PBXProject section */

/* Begin PBXResourcesBuildPhase section */
		16533DAF1DEC7A6F00C81A00 /* Resources */ = {
			isa = PBXResourcesBuildPhase;
			buildActionMask = 2147483647;
			files = (
				16533DC41DEC7A6F00C81A00 /* LaunchScreen.storyboard in Resources */,
				16533DC11DEC7A6F00C81A00 /* Assets.xcassets in Resources */,
				16533DBF1DEC7A6F00C81A00 /* Main.storyboard in Resources */,
			);
			runOnlyForDeploymentPostprocessing = 0;
		};
/* End PBXResourcesBuildPhase section */

/* Begin PBXSourcesBuildPhase section */
		16533DAD1DEC7A6F00C81A00 /* Sources */ = {
			isa = PBXSourcesBuildPhase;
			buildActionMask = 2147483647;
			files = (
				16533DBC1DEC7A6F00C81A00 /* ViewController.m in Sources */,
				16533DB91DEC7A6F00C81A00 /* AppDelegate.m in Sources */,
				16533DD01DEC7B5000C81A00 /* CLAnimationView.m in Sources */,
				16533DB61DEC7A6F00C81A00 /* main.m in Sources */,
				16533DD11DEC7B5000C81A00 /* CLView.m in Sources */,
			);
			runOnlyForDeploymentPostprocessing = 0;
		};
/* End PBXSourcesBuildPhase section */

/* Begin PBXVariantGroup section */
		16533DBD1DEC7A6F00C81A00 /* Main.storyboard */ = {
			isa = PBXVariantGroup;
			children = (
				16533DBE1DEC7A6F00C81A00 /* Base */,
			);
			name = Main.storyboard;
			sourceTree = "<group>";
		};
		16533DC21DEC7A6F00C81A00 /* LaunchScreen.storyboard */ = {
			isa = PBXVariantGroup;
			children = (
				16533DC31DEC7A6F00C81A00 /* Base */,
			);
			name = LaunchScreen.storyboard;
			sourceTree = "<group>";
		};
/* End PBXVariantGroup section */

/* Begin XCBuildConfiguration section */
		16533DC61DEC7A6F00C81A00 /* Debug */ = {
			isa = XCBuildConfiguration;
			buildSettings = {
				ALWAYS_SEARCH_USER_PATHS = NO;
				CLANG_ANALYZER_NONNULL = YES;
				CLANG_CXX_LANGUAGE_STANDARD = "gnu++0x";
				CLANG_CXX_LIBRARY = "libc++";
				CLANG_ENABLE_MODULES = YES;
				CLANG_ENABLE_OBJC_ARC = YES;
				CLANG_WARN_BOOL_CONVERSION = YES;
				CLANG_WARN_CONSTANT_CONVERSION = YES;
				CLANG_WARN_DIRECT_OBJC_ISA_USAGE = YES_ERROR;
				CLANG_WARN_DOCUMENTATION_COMMENTS = YES;
				CLANG_WARN_EMPTY_BODY = YES;
				CLANG_WARN_ENUM_CONVERSION = YES;
				CLANG_WARN_INFINITE_RECURSION = YES;
				CLANG_WARN_INT_CONVERSION = YES;
				CLANG_WARN_OBJC_ROOT_CLASS = YES_ERROR;
				CLANG_WARN_SUSPICIOUS_MOVES = YES;
				CLANG_WARN_UNREACHABLE_CODE = YES;
				CLANG_WARN__DUPLICATE_METHOD_MATCH = YES;
				"CODE_SIGN_IDENTITY[sdk=iphoneos*]" = "iPhone Developer";
				COPY_PHASE_STRIP = NO;
				DEBUG_INFORMATION_FORMAT = dwarf;
				ENABLE_STRICT_OBJC_MSGSEND = YES;
				ENABLE_TESTABILITY = YES;
				GCC_C_LANGUAGE_STANDARD = gnu99;
				GCC_DYNAMIC_NO_PIC = NO;
				GCC_NO_COMMON_BLOCKS = YES;
				GCC_OPTIMIZATION_LEVEL = 0;
				GCC_PREPROCESSOR_DEFINITIONS = (
					"DEBUG=1",
					"$(inherited)",
				);
				GCC_WARN_64_TO_32_BIT_CONVERSION = YES;
				GCC_WARN_ABOUT_RETURN_TYPE = YES_ERROR;
				GCC_WARN_UNDECLARED_SELECTOR = YES;
				GCC_WARN_UNINITIALIZED_AUTOS = YES_AGGRESSIVE;
				GCC_WARN_UNUSED_FUNCTION = YES;
				GCC_WARN_UNUSED_VARIABLE = YES;
				IPHONEOS_DEPLOYMENT_TARGET = 10.1;
				MTL_ENABLE_DEBUG_INFO = YES;
				ONLY_ACTIVE_ARCH = YES;
				SDKROOT = iphoneos;
				TARGETED_DEVICE_FAMILY = "1,2";
			};
			name = Debug;
		};
		16533DC71DEC7A6F00C81A00 /* Release */ = {
			isa = XCBuildConfiguration;
			buildSettings = {
				ALWAYS_SEARCH_USER_PATHS = NO;
				CLANG_ANALYZER_NONNULL = YES;
				CLANG_CXX_LANGUAGE_STANDARD = "gnu++0x";
				CLANG_CXX_LIBRARY = "libc++";
				CLANG_ENABLE_MODULES = YES;
				CLANG_ENABLE_OBJC_ARC = YES;
				CLANG_WARN_BOOL_CONVERSION = YES;
				CLANG_WARN_CONSTANT_CONVERSION = YES;
				CLANG_WARN_DIRECT_OBJC_ISA_USAGE = YES_ERROR;
				CLANG_WARN_DOCUMENTATION_COMMENTS = YES;
				CLANG_WARN_EMPTY_BODY = YES;
				CLANG_WARN_ENUM_CONVERSION = YES;
				CLANG_WARN_INFINITE_RECURSION = YES;
				CLANG_WARN_INT_CONVERSION = YES;
				CLANG_WARN_OBJC_ROOT_CLASS = YES_ERROR;
				CLANG_WARN_SUSPICIOUS_MOVES = YES;
				CLANG_WARN_UNREACHABLE_CODE = YES;
				CLANG_WARN__DUPLICATE_METHOD_MATCH = YES;
				"CODE_SIGN_IDENTITY[sdk=iphoneos*]" = "iPhone Developer";
				COPY_PHASE_STRIP = NO;
				DEBUG_INFORMATION_FORMAT = "dwarf-with-dsym";
				ENABLE_NS_ASSERTIONS = NO;
				ENABLE_STRICT_OBJC_MSGSEND = YES;
				GCC_C_LANGUAGE_STANDARD = gnu99;
				GCC_NO_COMMON_BLOCKS = YES;
				GCC_WARN_64_TO_32_BIT_CONVERSION = YES;
				GCC_WARN_ABOUT_RETURN_TYPE = YES_ERROR;
				GCC_WARN_UNDECLARED_SELECTOR = YES;
				GCC_WARN_UNINITIALIZED_AUTOS = YES_AGGRESSIVE;
				GCC_WARN_UNUSED_FUNCTION = YES;
				GCC_WARN_UNUSED_VARIABLE = YES;
				IPHONEOS_DEPLOYMENT_TARGET = 10.1;
				MTL_ENABLE_DEBUG_INFO = NO;
				SDKROOT = iphoneos;
				TARGETED_DEVICE_FAMILY = "1,2";
				VALIDATE_PRODUCT = YES;
			};
			name = Release;
		};
		16533DC91DEC7A6F00C81A00 /* Debug */ = {
			isa = XCBuildConfiguration;
			buildSettings = {
				ASSETCATALOG_COMPILER_APPICON_NAME = AppIcon;
				DEVELOPMENT_TEAM = 8WEA55D565;
				INFOPLIST_FILE = PopShareView/Info.plist;
				LD_RUNPATH_SEARCH_PATHS = "$(inherited) @executable_path/Frameworks";
				PRODUCT_BUNDLE_IDENTIFIER = cc.iuact.PopShareView;
				PRODUCT_NAME = "$(TARGET_NAME)";
			};
			name = Debug;
		};
		16533DCA1DEC7A6F00C81A00 /* Release */ = {
			isa = XCBuildConfiguration;
			buildSettings = {
				ASSETCATALOG_COMPILER_APPICON_NAME = AppIcon;
				DEVELOPMENT_TEAM = 8WEA55D565;
				INFOPLIST_FILE = PopShareView/Info.plist;
				LD_RUNPATH_SEARCH_PATHS = "$(inherited) @executable_path/Frameworks";
				PRODUCT_BUNDLE_IDENTIFIER = cc.iuact.PopShareView;
				PRODUCT_NAME = "$(TARGET_NAME)";
			};
			name = Release;
		};
/* End XCBuildConfiguration section */

/* Begin XCConfigurationList section */
		16533DAC1DEC7A6F00C81A00 /* Build configuration list for PBXProject "PopShareView" */ = {
			isa = XCConfigurationList;
			buildConfigurations = (
				16533DC61DEC7A6F00C81A00 /* Debug */,
				16533DC71DEC7A6F00C81A00 /* Release */,
			);
			defaultConfigurationIsVisible = 0;
			defaultConfigurationName = Release;
		};
		16533DC81DEC7A6F00C81A00 /* Build configuration list for PBXNativeTarget "PopShareView" */ = {
			isa = XCConfigurationList;
			buildConfigurations = (
				16533DC91DEC7A6F00C81A00 /* Debug */,
				16533DCA1DEC7A6F00C81A00 /* Release */,
			);
			defaultConfigurationIsVisible = 0;
		};
/* End XCConfigurationList section */
	};
	rootObject = 16533DA91DEC7A6F00C81A00 /* Project object */;
}
